
Microsoft Visual Studio Solution File, Format Version 12.00
# Visual Studio Version 16
VisualStudioVersion = 16.0.30413.136
MinimumVisualStudioVersion = 10.0.40219.1
Project("{FAE04EC0-301F-11D3-BF4B-00C04F79EFBC}") = "Ejercicio 01", "Ejercicios\Ejercicio 01.csproj", "{A3126454-6EDA-4209-9EB3-3A73D6DDC566}"
EndProject
Project("{FAE04EC0-301F-11D3-BF4B-00C04F79EFBC}") = "Ejercicio 02", "Ejercicio 2\Ejercicio 02.csproj", "{39FCC62E-B713-4D83-BE5A-5A16605AC63F}"
EndProject
Project("{FAE04EC0-301F-11D3-BF4B-00C04F79EFBC}") = "Ejercicio 03", "Ejercicio 3\Ejercicio 03.csproj", "{F8EE4AAC-D290-4948-8B7E-3E2BBBE30192}"
EndProject
Project("{FAE04EC0-301F-11D3-BF4B-00C04F79EFBC}") = "Ejercicio 04", "Ejercicio 04\Ejercicio 04.csproj", "{FDFE9FB6-BE62-4432-B432-5EC8B2ED6877}"
EndProject
Project("{FAE04EC0-301F-11D3-BF4B-00C04F79EFBC}") = "Ejercicio 05", "Ejercicio 05\Ejercicio 05.csproj", "{E46D94A4-BAA8-4227-BA2A-FC4886E41A4C}"
EndProject
Project("{FAE04EC0-301F-11D3-BF4B-00C04F79EFBC}") = "Ejercicio 06", "Ejercicio 06\Ejercicio 06.csproj", "{BC78E332-EBB8-46CC-99E6-EF076B30F11E}"
EndProject
Project("{FAE04EC0-301F-11D3-BF4B-00C04F79EFBC}") = "Ejercicio 07", "Ejercicio 07\Ejercicio 07.csproj", "{C787DFE9-0463-475A-9A0C-A018BE08F36E}"
EndProject
Global
	GlobalSection(SolutionConfigurationPlatforms) = preSolution
		Debug|Any CPU = Debug|Any CPU
		Release|Any CPU = Release|Any CPU
	EndGlobalSection
	GlobalSection(ProjectConfigurationPlatforms) = postSolution
		{A3126454-6EDA-4209-9EB3-3A73D6DDC566}.Debug|Any CPU.ActiveCfg = Debug|Any CPU
		{A3126454-6EDA-4209-9EB3-3A73D6DDC566}.Debug|Any CPU.Build.0 = Debug|Any CPU
		{A3126454-6EDA-4209-9EB3-3A73D6DDC566}.Release|Any CPU.ActiveCfg = Release|Any CPU
		{A3126454-6EDA-4209-9EB3-3A73D6DDC566}.Release|Any CPU.Build.0 = Release|Any CPU
		{39FCC62E-B713-4D83-BE5A-5A16605AC63F}.Debug|Any CPU.ActiveCfg = Debug|Any CPU
		{39FCC62E-B713-4D83-BE5A-5A16605AC63F}.Debug|Any CPU.Build.0 = Debug|Any CPU
		{39FCC62E-B713-4D83-BE5A-5A16605AC63F}.Release|Any CPU.ActiveCfg = Release|Any CPU
		{39FCC62E-B713-4D83-BE5A-5A16605AC63F}.Release|Any CPU.Build.0 = Release|Any CPU
		{F8EE4AAC-D290-4948-8B7E-3E2BBBE30192}.Debug|Any CPU.ActiveCfg = Debug|Any CPU
		{F8EE4AAC-D290-4948-8B7E-3E2BBBE30192}.Debug|Any CPU.Build.0 = Debug|Any CPU
		{F8EE4AAC-D290-4948-8B7E-3E2BBBE30192}.Release|Any CPU.ActiveCfg = Release|Any CPU
		{F8EE4AAC-D290-4948-8B7E-3E2BBBE30192}.Release|Any CPU.Build.0 = Release|Any CPU
		{FDFE9FB6-BE62-4432-B432-5EC8B2ED6877}.Debug|Any CPU.ActiveCfg = Debug|Any CPU
		{FDFE9FB6-BE62-4432-B432-5EC8B2ED6877}.Debug|Any CPU.Build.0 = Debug|Any CPU
		{FDFE9FB6-BE62-4432-B432-5EC8B2ED6877}.Release|Any CPU.ActiveCfg = Release|Any CPU
		{FDFE9FB6-BE62-4432-B432-5EC8B2ED6877}.Release|Any CPU.Build.0 = Release|Any CPU
		{E46D94A4-BAA8-4227-BA2A-FC4886E41A4C}.Debug|Any CPU.ActiveCfg = Debug|Any CPU
		{E46D94A4-BAA8-4227-BA2A-FC4886E41A4C}.Debug|Any CPU.Build.0 = Debug|Any CPU
		{E46D94A4-BAA8-4227-BA2A-FC4886E41A4C}.Release|Any CPU.ActiveCfg = Release|Any CPU
		{E46D94A4-BAA8-4227-BA2A-FC4886E41A4C}.Release|Any CPU.Build.0 = Release|Any CPU
		{BC78E332-EBB8-46CC-99E6-EF076B30F11E}.Debug|Any CPU.ActiveCfg = Debug|Any CPU
		{BC78E332-EBB8-46CC-99E6-EF076B30F11E}.Debug|Any CPU.Build.0 = Debug|Any CPU
		{BC78E332-EBB8-46CC-99E6-EF076B30F11E}.Release|Any CPU.ActiveCfg = Release|Any CPU
		{BC78E332-EBB8-46CC-99E6-EF076B30F11E}.Release|Any CPU.Build.0 = Release|Any CPU
		{C787DFE9-0463-475A-9A0C-A018BE08F36E}.Debug|Any CPU.ActiveCfg = Debug|Any CPU
		{C787DFE9-0463-475A-9A0C-A018BE08F36E}.Debug|Any CPU.Build.0 = Debug|Any CPU
		{C787DFE9-0463-475A-9A0C-A018BE08F36E}.Release|Any CPU.ActiveCfg = Release|Any CPU
		{C787DFE9-0463-475A-9A0C-A018BE08F36E}.Release|Any CPU.Build.0 = Release|Any CPU
	EndGlobalSection
	GlobalSection(SolutionProperties) = preSolution
		HideSolutionNode = FALSE
	EndGlobalSection
	GlobalSection(ExtensibilityGlobals) = postSolution
		SolutionGuid = {0CC99419-5DD8-426E-9CB5-329FDC1EF588}
	EndGlobalSection
EndGlobal
