
Microsoft Visual Studio Solution File, Format Version 12.00
# Visual Studio Version 16
VisualStudioVersion = 16.0.30611.23
MinimumVisualStudioVersion = 10.0.40219.1
Project("{9A19103F-16F7-4668-BE54-9A1E7A4F7556}") = "CentralitaHerencia", "CentralitaHerencia\CentralitaHerencia.csproj", "{0A8C16C3-AC8C-46A6-8E57-767979731CBB}"
EndProject
Project("{FAE04EC0-301F-11D3-BF4B-00C04F79EFBC}") = "Test", "Test\Test.csproj", "{FE19738C-DCD6-4302-B533-33BB4079B3C5}"
EndProject
Project("{FAE04EC0-301F-11D3-BF4B-00C04F79EFBC}") = "FrmCentralTelefonica", "FrmCentralTelefonica\FrmCentralTelefonica.csproj", "{9786CA36-D43A-467E-994B-E5C9BF79EB73}"
EndProject
Global
	GlobalSection(SolutionConfigurationPlatforms) = preSolution
		Debug|Any CPU = Debug|Any CPU
		Release|Any CPU = Release|Any CPU
	EndGlobalSection
	GlobalSection(ProjectConfigurationPlatforms) = postSolution
		{0A8C16C3-AC8C-46A6-8E57-767979731CBB}.Debug|Any CPU.ActiveCfg = Debug|Any CPU
		{0A8C16C3-AC8C-46A6-8E57-767979731CBB}.Debug|Any CPU.Build.0 = Debug|Any CPU
		{0A8C16C3-AC8C-46A6-8E57-767979731CBB}.Release|Any CPU.ActiveCfg = Release|Any CPU
		{0A8C16C3-AC8C-46A6-8E57-767979731CBB}.Release|Any CPU.Build.0 = Release|Any CPU
		{FE19738C-DCD6-4302-B533-33BB4079B3C5}.Debug|Any CPU.ActiveCfg = Debug|Any CPU
		{FE19738C-DCD6-4302-B533-33BB4079B3C5}.Debug|Any CPU.Build.0 = Debug|Any CPU
		{FE19738C-DCD6-4302-B533-33BB4079B3C5}.Release|Any CPU.ActiveCfg = Release|Any CPU
		{FE19738C-DCD6-4302-B533-33BB4079B3C5}.Release|Any CPU.Build.0 = Release|Any CPU
		{9786CA36-D43A-467E-994B-E5C9BF79EB73}.Debug|Any CPU.ActiveCfg = Debug|Any CPU
		{9786CA36-D43A-467E-994B-E5C9BF79EB73}.Debug|Any CPU.Build.0 = Debug|Any CPU
		{9786CA36-D43A-467E-994B-E5C9BF79EB73}.Release|Any CPU.ActiveCfg = Release|Any CPU
		{9786CA36-D43A-467E-994B-E5C9BF79EB73}.Release|Any CPU.Build.0 = Release|Any CPU
	EndGlobalSection
	GlobalSection(SolutionProperties) = preSolution
		HideSolutionNode = FALSE
	EndGlobalSection
	GlobalSection(ExtensibilityGlobals) = postSolution
		SolutionGuid = {3C9E7E08-B6DB-45FA-8BE9-5BC7D8F0D65E}
	EndGlobalSection
EndGlobal
