
Microsoft Visual Studio Solution File, Format Version 12.00
# Visual Studio Version 16
VisualStudioVersion = 16.0.29920.165
MinimumVisualStudioVersion = 10.0.40219.1
Project("{FAE04EC0-301F-11D3-BF4B-00C04F79EFBC}") = "Parcial1-RodrigoNovas", "Parcial1-RodrigoNovas\Parcial1-RodrigoNovas.csproj", "{E9C7A21A-302C-431D-BF0C-5096670F9004}"
EndProject
Project("{FAE04EC0-301F-11D3-BF4B-00C04F79EFBC}") = "frmPrincipal", "frmPrincipal\frmPrincipal.csproj", "{D65CB747-B171-4191-8C65-26D262E7CC81}"
EndProject
Project("{FAE04EC0-301F-11D3-BF4B-00C04F79EFBC}") = "ConsolaTest", "ConsolaTest\ConsolaTest.csproj", "{447E97D7-AAB5-4A47-9B6D-3FDFEAFED367}"
EndProject
Global
	GlobalSection(SolutionConfigurationPlatforms) = preSolution
		Debug|Any CPU = Debug|Any CPU
		Release|Any CPU = Release|Any CPU
	EndGlobalSection
	GlobalSection(ProjectConfigurationPlatforms) = postSolution
		{E9C7A21A-302C-431D-BF0C-5096670F9004}.Debug|Any CPU.ActiveCfg = Debug|Any CPU
		{E9C7A21A-302C-431D-BF0C-5096670F9004}.Debug|Any CPU.Build.0 = Debug|Any CPU
		{E9C7A21A-302C-431D-BF0C-5096670F9004}.Release|Any CPU.ActiveCfg = Release|Any CPU
		{E9C7A21A-302C-431D-BF0C-5096670F9004}.Release|Any CPU.Build.0 = Release|Any CPU
		{D65CB747-B171-4191-8C65-26D262E7CC81}.Debug|Any CPU.ActiveCfg = Debug|Any CPU
		{D65CB747-B171-4191-8C65-26D262E7CC81}.Debug|Any CPU.Build.0 = Debug|Any CPU
		{D65CB747-B171-4191-8C65-26D262E7CC81}.Release|Any CPU.ActiveCfg = Release|Any CPU
		{D65CB747-B171-4191-8C65-26D262E7CC81}.Release|Any CPU.Build.0 = Release|Any CPU
		{447E97D7-AAB5-4A47-9B6D-3FDFEAFED367}.Debug|Any CPU.ActiveCfg = Debug|Any CPU
		{447E97D7-AAB5-4A47-9B6D-3FDFEAFED367}.Debug|Any CPU.Build.0 = Debug|Any CPU
		{447E97D7-AAB5-4A47-9B6D-3FDFEAFED367}.Release|Any CPU.ActiveCfg = Release|Any CPU
		{447E97D7-AAB5-4A47-9B6D-3FDFEAFED367}.Release|Any CPU.Build.0 = Release|Any CPU
	EndGlobalSection
	GlobalSection(SolutionProperties) = preSolution
		HideSolutionNode = FALSE
	EndGlobalSection
	GlobalSection(ExtensibilityGlobals) = postSolution
		SolutionGuid = {6BF437B5-8EC6-471E-AB57-1E7C5852F912}
	EndGlobalSection
EndGlobal
