
Microsoft Visual Studio Solution File, Format Version 12.00
# Visual Studio Version 16
VisualStudioVersion = 16.0.30011.22
MinimumVisualStudioVersion = 10.0.40219.1
Project("{FAE04EC0-301F-11D3-BF4B-00C04F79EFBC}") = "Collazo.Diego.2A", "Collazo.Diego.2A\Collazo.Diego.2A.csproj", "{C2A5113D-0461-4706-9C00-581BB8803B2E}"
EndProject
Project("{FAE04EC0-301F-11D3-BF4B-00C04F79EFBC}") = "Entidades", "Entidades\Entidades.csproj", "{C9FAB570-9EDD-4DE9-8DBF-B067B4A245E9}"
EndProject
Global
	GlobalSection(SolutionConfigurationPlatforms) = preSolution
		Debug|Any CPU = Debug|Any CPU
		Release|Any CPU = Release|Any CPU
	EndGlobalSection
	GlobalSection(ProjectConfigurationPlatforms) = postSolution
		{C2A5113D-0461-4706-9C00-581BB8803B2E}.Debug|Any CPU.ActiveCfg = Debug|Any CPU
		{C2A5113D-0461-4706-9C00-581BB8803B2E}.Debug|Any CPU.Build.0 = Debug|Any CPU
		{C2A5113D-0461-4706-9C00-581BB8803B2E}.Release|Any CPU.ActiveCfg = Release|Any CPU
		{C2A5113D-0461-4706-9C00-581BB8803B2E}.Release|Any CPU.Build.0 = Release|Any CPU
		{C9FAB570-9EDD-4DE9-8DBF-B067B4A245E9}.Debug|Any CPU.ActiveCfg = Debug|Any CPU
		{C9FAB570-9EDD-4DE9-8DBF-B067B4A245E9}.Debug|Any CPU.Build.0 = Debug|Any CPU
		{C9FAB570-9EDD-4DE9-8DBF-B067B4A245E9}.Release|Any CPU.ActiveCfg = Release|Any CPU
		{C9FAB570-9EDD-4DE9-8DBF-B067B4A245E9}.Release|Any CPU.Build.0 = Release|Any CPU
	EndGlobalSection
	GlobalSection(SolutionProperties) = preSolution
		HideSolutionNode = FALSE
	EndGlobalSection
	GlobalSection(ExtensibilityGlobals) = postSolution
		SolutionGuid = {B2FB9E2B-0FFD-4D29-9871-2C225ED3AB69}
	EndGlobalSection
EndGlobal
