
Microsoft Visual Studio Solution File, Format Version 12.00
# Visual Studio Version 16
VisualStudioVersion = 16.0.30413.136
MinimumVisualStudioVersion = 10.0.40219.1
Project("{FAE04EC0-301F-11D3-BF4B-00C04F79EFBC}") = "Clase 05", "Clase 05\Clase 05.csproj", "{0B117D69-611A-432A-8757-19C19437C66E}"
EndProject
Global
	GlobalSection(SolutionConfigurationPlatforms) = preSolution
		Debug|Any CPU = Debug|Any CPU
		Release|Any CPU = Release|Any CPU
	EndGlobalSection
	GlobalSection(ProjectConfigurationPlatforms) = postSolution
		{0B117D69-611A-432A-8757-19C19437C66E}.Debug|Any CPU.ActiveCfg = Debug|Any CPU
		{0B117D69-611A-432A-8757-19C19437C66E}.Debug|Any CPU.Build.0 = Debug|Any CPU
		{0B117D69-611A-432A-8757-19C19437C66E}.Release|Any CPU.ActiveCfg = Release|Any CPU
		{0B117D69-611A-432A-8757-19C19437C66E}.Release|Any CPU.Build.0 = Release|Any CPU
	EndGlobalSection
	GlobalSection(SolutionProperties) = preSolution
		HideSolutionNode = FALSE
	EndGlobalSection
	GlobalSection(ExtensibilityGlobals) = postSolution
		SolutionGuid = {94406816-F4C2-44CC-AAF6-6B70E63B8F31}
	EndGlobalSection
EndGlobal
